schema: '2.0'
stages:
  train_model:
    cmd: python model/train.py
    deps:
    - path: model/train.py
      hash: md5
      md5: 22e2ae6d8fd1a172b8657d54b119a26f
      size: 1148
    outs:
    - path: model/model.pkl
      hash: md5
      md5: 5e83cce2f50b5b77b6aba80a3c38f7a3
      size: 181601
  deployfastapi_model:
    cmd: python app/main.py
    deps:
    - path: model/model.pkl
      hash: md5
      md5: 5e83cce2f50b5b77b6aba80a3c38f7a3
      size: 181601
