schema: '2.0'
stages:
  train_model:
    cmd: python model/train.py
    deps:
    - path: model/train.py
      hash: md5
      md5: cb614dc55bc12fc8ee63ddb9d910d3ef
      size: 1315
    outs:
    - path: model/model.pkl
      hash: md5
      md5: d0539fe7f5bec482b2e442d3ec7be9a9
      size: 182657
  deployfastapi_model:
    cmd: python app/main.py
    deps:
    - path: model/model.pkl
      hash: md5
      md5: d0539fe7f5bec482b2e442d3ec7be9a9
      size: 182657
